# This file is automatically @generated by Poetry 1.8.2 and should not be changed by hand.

[[package]]
name = "pyassist-utils"
version = "0.0.1"
description = "This is Python Utility"
optional = false
python-versions = "*"
files = [
    {file = "pyassist_utils-0.0.1.tar.gz", hash = "sha256:0dc17276e57a2bd76f90413c74c30b497cd6e3a0b6056589da1119ee76b8080c"},
]

[package.dependencies]
pyloggerutils = "*"

[[package]]
name = "pyloggerutils"
version = "0.1.4"
description = "This is Python Logger"
optional = false
python-versions = "*"
files = [
    {file = "pyloggerutils-0.1.4.tar.gz", hash = "sha256:ddb4b96721498e62e6d9484127e7f37c169c159451c941cf09c8ea6f8f86ef01"},
]

[metadata]
lock-version = "2.0"
python-versions = "^3.12"
content-hash = "b1fbbbf90194fceb7c43a097f6c31c289b89c29e12d62ab60d90044d40700a97"
